
Microsoft Visual Studio Solution File, Format Version 12.00
# Visual Studio Version 17
VisualStudioVersion = 17.0.31919.166
MinimumVisualStudioVersion = 10.0.40219.1
Project("{FAE04EC0-301F-11D3-BF4B-00C04F79EFBC}") = "CollegeManagement", "CollegeManagement\CollegeManagement.csproj", "{2AC14D64-D0E9-43F2-B0BE-78635B144486}"
EndProject
Global
	GlobalSection(SolutionConfigurationPlatforms) = preSolution
		Debug|Any CPU = Debug|Any CPU
		Release|Any CPU = Release|Any CPU
	EndGlobalSection
	GlobalSection(ProjectConfigurationPlatforms) = postSolution
		{2AC14D64-D0E9-43F2-B0BE-78635B144486}.Debug|Any CPU.ActiveCfg = Debug|Any CPU
		{2AC14D64-D0E9-43F2-B0BE-78635B144486}.Debug|Any CPU.Build.0 = Debug|Any CPU
		{2AC14D64-D0E9-43F2-B0BE-78635B144486}.Release|Any CPU.ActiveCfg = Release|Any CPU
		{2AC14D64-D0E9-43F2-B0BE-78635B144486}.Release|Any CPU.Build.0 = Release|Any CPU
	EndGlobalSection
	GlobalSection(SolutionProperties) = preSolution
		HideSolutionNode = FALSE
	EndGlobalSection
	GlobalSection(ExtensibilityGlobals) = postSolution
		SolutionGuid = {318499AB-A524-457F-9612-8676D4601E90}
	EndGlobalSection
EndGlobal
